// !$*UTF8*$!
{
	archiveVersion = 1;
	classes = {
	};
	objectVersion = 50;
	objects = {

/* Begin PBXBuildFile section */
		35AB528625BA3F5E008E412D /* AppDelegate.swift in Sources */ = {isa = PBXBuildFile; fileRef = 35AB528525BA3F5E008E412D /* AppDelegate.swift */; };
		35AB528825BA3F5E008E412D /* SceneDelegate.swift in Sources */ = {isa = PBXBuildFile; fileRef = 35AB528725BA3F5E008E412D /* SceneDelegate.swift */; };
		35AB528A25BA3F5E008E412D /* ViewController.swift in Sources */ = {isa = PBXBuildFile; fileRef = 35AB528925BA3F5E008E412D /* ViewController.swift */; };
		35AB528D25BA3F5E008E412D /* Main.storyboard in Resources */ = {isa = PBXBuildFile; fileRef = 35AB528B25BA3F5E008E412D /* Main.storyboard */; };
		35AB528F25BA3F60008E412D /* Assets.xcassets in Resources */ = {isa = PBXBuildFile; fileRef = 35AB528E25BA3F60008E412D /* Assets.xcassets */; };
		35AB529225BA3F60008E412D /* LaunchScreen.storyboard in Resources */ = {isa = PBXBuildFile; fileRef = 35AB529025BA3F60008E412D /* LaunchScreen.storyboard */; };
		35AB529D25BA3F60008E412D /* PreworkTests.swift in Sources */ = {isa = PBXBuildFile; fileRef = 35AB529C25BA3F60008E412D /* PreworkTests.swift */; };
		35AB52A825BA3F60008E412D /* PreworkUITests.swift in Sources */ = {isa = PBXBuildFile; fileRef = 35AB52A725BA3F60008E412D /* PreworkUITests.swift */; };
/* End PBXBuildFile section */

/* Begin PBXContainerItemProxy section */
		35AB529925BA3F60008E412D /* PBXContainerItemProxy */ = {
			isa = PBXContainerItemProxy;
			containerPortal = 35AB527A25BA3F5E008E412D /* Project object */;
			proxyType = 1;
			remoteGlobalIDString = 35AB528125BA3F5E008E412D;
			remoteInfo = Prework;
		};
		35AB52A425BA3F60008E412D /* PBXContainerItemProxy */ = {
			isa = PBXContainerItemProxy;
			containerPortal = 35AB527A25BA3F5E008E412D /* Project object */;
			proxyType = 1;
			remoteGlobalIDString = 35AB528125BA3F5E008E412D;
			remoteInfo = Prework;
		};
/* End PBXContainerItemProxy section */

/* Begin PBXFileReference section */
		35AB528225BA3F5E008E412D /* Prework.app */ = {isa = PBXFileReference; explicitFileType = wrapper.application; includeInIndex = 0; path = Prework.app; sourceTree = BUILT_PRODUCTS_DIR; };
		35AB528525BA3F5E008E412D /* AppDelegate.swift */ = {isa = PBXFileReference; lastKnownFileType = sourcecode.swift; path = AppDelegate.swift; sourceTree = "<group>"; };
		35AB528725BA3F5E008E412D /* SceneDelegate.swift */ = {isa = PBXFileReference; lastKnownFileType = sourcecode.swift; path = SceneDelegate.swift; sourceTree = "<group>"; };
		35AB528925BA3F5E008E412D /* ViewController.swift */ = {isa = PBXFileReference; lastKnownFileType = sourcecode.swift; path = ViewController.swift; sourceTree = "<group>"; };
		35AB528C25BA3F5E008E412D /* Base */ = {isa = PBXFileReference; lastKnownFileType = file.storyboard; name = Base; path = Base.lproj/Main.storyboard; sourceTree = "<group>"; };
		35AB528E25BA3F60008E412D /* Assets.xcassets */ = {isa = PBXFileReference; lastKnownFileType = folder.assetcatalog; path = Assets.xcassets; sourceTree = "<group>"; };
		35AB529125BA3F60008E412D /* Base */ = {isa = PBXFileReference; lastKnownFileType = file.storyboard; name = Base; path = Base.lproj/LaunchScreen.storyboard; sourceTree = "<group>"; };
		35AB529325BA3F60008E412D /* Info.plist */ = {isa = PBXFileReference; lastKnownFileType = text.plist.xml; path = Info.plist; sourceTree = "<group>"; };
		35AB529825BA3F60008E412D /* PreworkTests.xctest */ = {isa = PBXFileReference; explicitFileType = wrapper.cfbundle; includeInIndex = 0; path = PreworkTests.xctest; sourceTree = BUILT_PRODUCTS_DIR; };
		35AB529C25BA3F60008E412D /* PreworkTests.swift */ = {isa = PBXFileReference; lastKnownFileType = sourcecode.swift; path = PreworkTests.swift; sourceTree = "<group>"; };
		35AB529E25BA3F60008E412D /* Info.plist */ = {isa = PBXFileReference; lastKnownFileType = text.plist.xml; path = Info.plist; sourceTree = "<group>"; };
		35AB52A325BA3F60008E412D /* PreworkUITests.xctest */ = {isa = PBXFileReference; explicitFileType = wrapper.cfbundle; includeInIndex = 0; path = PreworkUITests.xctest; sourceTree = BUILT_PRODUCTS_DIR; };
		35AB52A725BA3F60008E412D /* PreworkUITests.swift */ = {isa = PBXFileReference; lastKnownFileType = sourcecode.swift; path = PreworkUITests.swift; sourceTree = "<group>"; };
		35AB52A925BA3F60008E412D /* Info.plist */ = {isa = PBXFileReference; lastKnownFileType = text.plist.xml; path = Info.plist; sourceTree = "<group>"; };
/* End PBXFileReference section */

/* Begin PBXFrameworksBuildPhase section */
		35AB527F25BA3F5E008E412D /* Frameworks */ = {
			isa = PBXFrameworksBuildPhase;
			buildActionMask = 2147483647;
			files = (
			);
			runOnlyForDeploymentPostprocessing = 0;
		};
		35AB529525BA3F60008E412D /* Frameworks */ = {
			isa = PBXFrameworksBuildPhase;
			buildActionMask = 2147483647;
			files = (
			);
			runOnlyForDeploymentPostprocessing = 0;
		};
		35AB52A025BA3F60008E412D /* Frameworks */ = {
			isa = PBXFrameworksBuildPhase;
			buildActionMask = 2147483647;
			files = (
			);
			runOnlyForDeploymentPostprocessing = 0;
		};
/* End PBXFrameworksBuildPhase section */

/* Begin PBXGroup section */
		35AB527925BA3F5E008E412D = {
			isa = PBXGroup;
			children = (
				35AB528425BA3F5E008E412D /* Prework */,
				35AB529B25BA3F60008E412D /* PreworkTests */,
				35AB52A625BA3F60008E412D /* PreworkUITests */,
				35AB528325BA3F5E008E412D /* Products */,
			);
			sourceTree = "<group>";
		};
		35AB528325BA3F5E008E412D /* Products */ = {
			isa = PBXGroup;
			children = (
				35AB528225BA3F5E008E412D /* Prework.app */,
				35AB529825BA3F60008E412D /* PreworkTests.xctest */,
				35AB52A325BA3F60008E412D /* PreworkUITests.xctest */,
			);
			name = Products;
			sourceTree = "<group>";
		};
		35AB528425BA3F5E008E412D /* Prework */ = {
			isa = PBXGroup;
			children = (
				35AB528525BA3F5E008E412D /* AppDelegate.swift */,
				35AB528725BA3F5E008E412D /* SceneDelegate.swift */,
				35AB528925BA3F5E008E412D /* ViewController.swift */,
				35AB528B25BA3F5E008E412D /* Main.storyboard */,
				35AB528E25BA3F60008E412D /* Assets.xcassets */,
				35AB529025BA3F60008E412D /* LaunchScreen.storyboard */,
				35AB529325BA3F60008E412D /* Info.plist */,
			);
			path = Prework;
			sourceTree = "<group>";
		};
		35AB529B25BA3F60008E412D /* PreworkTests */ = {
			isa = PBXGroup;
			children = (
				35AB529C25BA3F60008E412D /* PreworkTests.swift */,
				35AB529E25BA3F60008E412D /* Info.plist */,
			);
			path = PreworkTests;
			sourceTree = "<group>";
		};
		35AB52A625BA3F60008E412D /* PreworkUITests */ = {
			isa = PBXGroup;
			children = (
				35AB52A725BA3F60008E412D /* PreworkUITests.swift */,
				35AB52A925BA3F60008E412D /* Info.plist */,
			);
			path = PreworkUITests;
			sourceTree = "<group>";
		};
/* End PBXGroup section */

/* Begin PBXNativeTarget section */
		35AB528125BA3F5E008E412D /* Prework */ = {
			isa = PBXNativeTarget;
			buildConfigurationList = 35AB52AC25BA3F60008E412D /* Build configuration list for PBXNativeTarget "Prework" */;
			buildPhases = (
				35AB527E25BA3F5E008E412D /* Sources */,
				35AB527F25BA3F5E008E412D /* Frameworks */,
				35AB528025BA3F5E008E412D /* Resources */,
			);
			buildRules = (
			);
			dependencies = (
			);
			name = Prework;
			productName = Prework;
			productReference = 35AB528225BA3F5E008E412D /* Prework.app */;
			productType = "com.apple.product-type.application";
		};
		35AB529725BA3F60008E412D /* PreworkTests */ = {
			isa = PBXNativeTarget;
			buildConfigurationList = 35AB52AF25BA3F60008E412D /* Build configuration list for PBXNativeTarget "PreworkTests" */;
			buildPhases = (
				35AB529425BA3F60008E412D /* Sources */,
				35AB529525BA3F60008E412D /* Frameworks */,
				35AB529625BA3F60008E412D /* Resources */,
			);
			buildRules = (
			);
			dependencies = (
				35AB529A25BA3F60008E412D /* PBXTargetDependency */,
			);
			name = PreworkTests;
			productName = PreworkTests;
			productReference = 35AB529825BA3F60008E412D /* PreworkTests.xctest */;
			productType = "com.apple.product-type.bundle.unit-test";
		};
		35AB52A225BA3F60008E412D /* PreworkUITests */ = {
			isa = PBXNativeTarget;
			buildConfigurationList = 35AB52B225BA3F60008E412D /* Build configuration list for PBXNativeTarget "PreworkUITests" */;
			buildPhases = (
				35AB529F25BA3F60008E412D /* Sources */,
				35AB52A025BA3F60008E412D /* Frameworks */,
				35AB52A125BA3F60008E412D /* Resources */,
			);
			buildRules = (
			);
			dependencies = (
				35AB52A525BA3F60008E412D /* PBXTargetDependency */,
			);
			name = PreworkUITests;
			productName = PreworkUITests;
			productReference = 35AB52A325BA3F60008E412D /* PreworkUITests.xctest */;
			productType = "com.apple.product-type.bundle.ui-testing";
		};
/* End PBXNativeTarget section */

/* Begin PBXProject section */
		35AB527A25BA3F5E008E412D /* Project object */ = {
			isa = PBXProject;
			attributes = {
				LastSwiftUpdateCheck = 1230;
				LastUpgradeCheck = 1230;
				TargetAttributes = {
					35AB528125BA3F5E008E412D = {
						CreatedOnToolsVersion = 12.3;
					};
					35AB529725BA3F60008E412D = {
						CreatedOnToolsVersion = 12.3;
						TestTargetID = 35AB528125BA3F5E008E412D;
					};
					35AB52A225BA3F60008E412D = {
						CreatedOnToolsVersion = 12.3;
						TestTargetID = 35AB528125BA3F5E008E412D;
					};
				};
			};
			buildConfigurationList = 35AB527D25BA3F5E008E412D /* Build configuration list for PBXProject "Prework" */;
			compatibilityVersion = "Xcode 9.3";
			developmentRegion = en;
			hasScannedForEncodings = 0;
			knownRegions = (
				en,
				Base,
			);
			mainGroup = 35AB527925BA3F5E008E412D;
			productRefGroup = 35AB528325BA3F5E008E412D /* Products */;
			projectDirPath = "";
			projectRoot = "";
			targets = (
				35AB528125BA3F5E008E412D /* Prework */,
				35AB529725BA3F60008E412D /* PreworkTests */,
				35AB52A225BA3F60008E412D /* PreworkUITests */,
			);
		};
/* End PBXProject section */

/* Begin PBXResourcesBuildPhase section */
		35AB528025BA3F5E008E412D /* Resources */ = {
			isa = PBXResourcesBuildPhase;
			buildActionMask = 2147483647;
			files = (
				35AB529225BA3F60008E412D /* LaunchScreen.storyboard in Resources */,
				35AB528F25BA3F60008E412D /* Assets.xcassets in Resources */,
				35AB528D25BA3F5E008E412D /* Main.storyboard in Resources */,
			);
			runOnlyForDeploymentPostprocessing = 0;
		};
		35AB529625BA3F60008E412D /* Resources */ = {
			isa = PBXResourcesBuildPhase;
			buildActionMask = 2147483647;
			files = (
			);
			runOnlyForDeploymentPostprocessing = 0;
		};
		35AB52A125BA3F60008E412D /* Resources */ = {
			isa = PBXResourcesBuildPhase;
			buildActionMask = 2147483647;
			files = (
			);
			runOnlyForDeploymentPostprocessing = 0;
		};
/* End PBXResourcesBuildPhase section */

/* Begin PBXSourcesBuildPhase section */
		35AB527E25BA3F5E008E412D /* Sources */ = {
			isa = PBXSourcesBuildPhase;
			buildActionMask = 2147483647;
			files = (
				35AB528A25BA3F5E008E412D /* ViewController.swift in Sources */,
				35AB528625BA3F5E008E412D /* AppDelegate.swift in Sources */,
				35AB528825BA3F5E008E412D /* SceneDelegate.swift in Sources */,
			);
			runOnlyForDeploymentPostprocessing = 0;
		};
		35AB529425BA3F60008E412D /* Sources */ = {
			isa = PBXSourcesBuildPhase;
			buildActionMask = 2147483647;
			files = (
				35AB529D25BA3F60008E412D /* PreworkTests.swift in Sources */,
			);
			runOnlyForDeploymentPostprocessing = 0;
		};
		35AB529F25BA3F60008E412D /* Sources */ = {
			isa = PBXSourcesBuildPhase;
			buildActionMask = 2147483647;
			files = (
				35AB52A825BA3F60008E412D /* PreworkUITests.swift in Sources */,
			);
			runOnlyForDeploymentPostprocessing = 0;
		};
/* End PBXSourcesBuildPhase section */

/* Begin PBXTargetDependency section */
		35AB529A25BA3F60008E412D /* PBXTargetDependency */ = {
			isa = PBXTargetDependency;
			target = 35AB528125BA3F5E008E412D /* Prework */;
			targetProxy = 35AB529925BA3F60008E412D /* PBXContainerItemProxy */;
		};
		35AB52A525BA3F60008E412D /* PBXTargetDependency */ = {
			isa = PBXTargetDependency;
			target = 35AB528125BA3F5E008E412D /* Prework */;
			targetProxy = 35AB52A425BA3F60008E412D /* PBXContainerItemProxy */;
		};
/* End PBXTargetDependency section */

/* Begin PBXVariantGroup section */
		35AB528B25BA3F5E008E412D /* Main.storyboard */ = {
			isa = PBXVariantGroup;
			children = (
				35AB528C25BA3F5E008E412D /* Base */,
			);
			name = Main.storyboard;
			sourceTree = "<group>";
		};
		35AB529025BA3F60008E412D /* LaunchScreen.storyboard */ = {
			isa = PBXVariantGroup;
			children = (
				35AB529125BA3F60008E412D /* Base */,
			);
			name = LaunchScreen.storyboard;
			sourceTree = "<group>";
		};
/* End PBXVariantGroup section */

/* Begin XCBuildConfiguration section */
		35AB52AA25BA3F60008E412D /* Debug */ = {
			isa = XCBuildConfiguration;
			buildSettings = {
				ALWAYS_SEARCH_USER_PATHS = NO;
				CLANG_ANALYZER_NONNULL = YES;
				CLANG_ANALYZER_NUMBER_OBJECT_CONVERSION = YES_AGGRESSIVE;
				CLANG_CXX_LANGUAGE_STANDARD = "gnu++14";
				CLANG_CXX_LIBRARY = "libc++";
				CLANG_ENABLE_MODULES = YES;
				CLANG_ENABLE_OBJC_ARC = YES;
				CLANG_ENABLE_OBJC_WEAK = YES;
				CLANG_WARN_BLOCK_CAPTURE_AUTORELEASING = YES;
				CLANG_WARN_BOOL_CONVERSION = YES;
				CLANG_WARN_COMMA = YES;
				CLANG_WARN_CONSTANT_CONVERSION = YES;
				CLANG_WARN_DEPRECATED_OBJC_IMPLEMENTATIONS = YES;
				CLANG_WARN_DIRECT_OBJC_ISA_USAGE = YES_ERROR;
				CLANG_WARN_DOCUMENTATION_COMMENTS = YES;
				CLANG_WARN_EMPTY_BODY = YES;
				CLANG_WARN_ENUM_CONVERSION = YES;
				CLANG_WARN_INFINITE_RECURSION = YES;
				CLANG_WARN_INT_CONVERSION = YES;
				CLANG_WARN_NON_LITERAL_NULL_CONVERSION = YES;
				CLANG_WARN_OBJC_IMPLICIT_RETAIN_SELF = YES;
				CLANG_WARN_OBJC_LITERAL_CONVERSION = YES;
				CLANG_WARN_OBJC_ROOT_CLASS = YES_ERROR;
				CLANG_WARN_QUOTED_INCLUDE_IN_FRAMEWORK_HEADER = YES;
				CLANG_WARN_RANGE_LOOP_ANALYSIS = YES;
				CLANG_WARN_STRICT_PROTOTYPES = YES;
				CLANG_WARN_SUSPICIOUS_MOVE = YES;
				CLANG_WARN_UNGUARDED_AVAILABILITY = YES_AGGRESSIVE;
				CLANG_WARN_UNREACHABLE_CODE = YES;
				CLANG_WARN__DUPLICATE_METHOD_MATCH = YES;
				COPY_PHASE_STRIP = NO;
				DEBUG_INFORMATION_FORMAT = dwarf;
				ENABLE_STRICT_OBJC_MSGSEND = YES;
				ENABLE_TESTABILITY = YES;
				GCC_C_LANGUAGE_STANDARD = gnu11;
				GCC_DYNAMIC_NO_PIC = NO;
				GCC_NO_COMMON_BLOCKS = YES;
				GCC_OPTIMIZATION_LEVEL = 0;
				GCC_PREPROCESSOR_DEFINITIONS = (
					"DEBUG=1",
					"$(inherited)",
				);
				GCC_WARN_64_TO_32_BIT_CONVERSION = YES;
				GCC_WARN_ABOUT_RETURN_TYPE = YES_ERROR;
				GCC_WARN_UNDECLARED_SELECTOR = YES;
				GCC_WARN_UNINITIALIZED_AUTOS = YES_AGGRESSIVE;
				GCC_WARN_UNUSED_FUNCTION = YES;
				GCC_WARN_UNUSED_VARIABLE = YES;
				IPHONEOS_DEPLOYMENT_TARGET = 14.3;
				MTL_ENABLE_DEBUG_INFO = INCLUDE_SOURCE;
				MTL_FAST_MATH = YES;
				ONLY_ACTIVE_ARCH = YES;
				SDKROOT = iphoneos;
				SWIFT_ACTIVE_COMPILATION_CONDITIONS = DEBUG;
				SWIFT_OPTIMIZATION_LEVEL = "-Onone";
			};
			name = Debug;
		};
		35AB52AB25BA3F60008E412D /* Release */ = {
			isa = XCBuildConfiguration;
			buildSettings = {
				ALWAYS_SEARCH_USER_PATHS = NO;
				CLANG_ANALYZER_NONNULL = YES;
				CLANG_ANALYZER_NUMBER_OBJECT_CONVERSION = YES_AGGRESSIVE;
				CLANG_CXX_LANGUAGE_STANDARD = "gnu++14";
				CLANG_CXX_LIBRARY = "libc++";
				CLANG_ENABLE_MODULES = YES;
				CLANG_ENABLE_OBJC_ARC = YES;
				CLANG_ENABLE_OBJC_WEAK = YES;
				CLANG_WARN_BLOCK_CAPTURE_AUTORELEASING = YES;
				CLANG_WARN_BOOL_CONVERSION = YES;
				CLANG_WARN_COMMA = YES;
				CLANG_WARN_CONSTANT_CONVERSION = YES;
				CLANG_WARN_DEPRECATED_OBJC_IMPLEMENTATIONS = YES;
				CLANG_WARN_DIRECT_OBJC_ISA_USAGE = YES_ERROR;
				CLANG_WARN_DOCUMENTATION_COMMENTS = YES;
				CLANG_WARN_EMPTY_BODY = YES;
				CLANG_WARN_ENUM_CONVERSION = YES;
				CLANG_WARN_INFINITE_RECURSION = YES;
				CLANG_WARN_INT_CONVERSION = YES;
				CLANG_WARN_NON_LITERAL_NULL_CONVERSION = YES;
				CLANG_WARN_OBJC_IMPLICIT_RETAIN_SELF = YES;
				CLANG_WARN_OBJC_LITERAL_CONVERSION = YES;
				CLANG_WARN_OBJC_ROOT_CLASS = YES_ERROR;
				CLANG_WARN_QUOTED_INCLUDE_IN_FRAMEWORK_HEADER = YES;
				CLANG_WARN_RANGE_LOOP_ANALYSIS = YES;
				CLANG_WARN_STRICT_PROTOTYPES = YES;
				CLANG_WARN_SUSPICIOUS_MOVE = YES;
				CLANG_WARN_UNGUARDED_AVAILABILITY = YES_AGGRESSIVE;
				CLANG_WARN_UNREACHABLE_CODE = YES;
				CLANG_WARN__DUPLICATE_METHOD_MATCH = YES;
				COPY_PHASE_STRIP = NO;
				DEBUG_INFORMATION_FORMAT = "dwarf-with-dsym";
				ENABLE_NS_ASSERTIONS = NO;
				ENABLE_STRICT_OBJC_MSGSEND = YES;
				GCC_C_LANGUAGE_STANDARD = gnu11;
				GCC_NO_COMMON_BLOCKS = YES;
				GCC_WARN_64_TO_32_BIT_CONVERSION = YES;
				GCC_WARN_ABOUT_RETURN_TYPE = YES_ERROR;
				GCC_WARN_UNDECLARED_SELECTOR = YES;
				GCC_WARN_UNINITIALIZED_AUTOS = YES_AGGRESSIVE;
				GCC_WARN_UNUSED_FUNCTION = YES;
				GCC_WARN_UNUSED_VARIABLE = YES;
				IPHONEOS_DEPLOYMENT_TARGET = 14.3;
				MTL_ENABLE_DEBUG_INFO = NO;
				MTL_FAST_MATH = YES;
				SDKROOT = iphoneos;
				SWIFT_COMPILATION_MODE = wholemodule;
				SWIFT_OPTIMIZATION_LEVEL = "-O";
				VALIDATE_PRODUCT = YES;
			};
			name = Release;
		};
		35AB52AD25BA3F60008E412D /* Debug */ = {
			isa = XCBuildConfiguration;
			buildSettings = {
				ASSETCATALOG_COMPILER_APPICON_NAME = AppIcon;
				ASSETCATALOG_COMPILER_GLOBAL_ACCENT_COLOR_NAME = AccentColor;
				CODE_SIGN_STYLE = Automatic;
				INFOPLIST_FILE = Prework/Info.plist;
				LD_RUNPATH_SEARCH_PATHS = (
					"$(inherited)",
					"@executable_path/Frameworks",
				);
				PRODUCT_BUNDLE_IDENTIFIER = memo.com.Prework;
				PRODUCT_NAME = "$(TARGET_NAME)";
				SWIFT_VERSION = 5.0;
				TARGETED_DEVICE_FAMILY = "1,2";
			};
			name = Debug;
		};
		35AB52AE25BA3F60008E412D /* Release */ = {
			isa = XCBuildConfiguration;
			buildSettings = {
				ASSETCATALOG_COMPILER_APPICON_NAME = AppIcon;
				ASSETCATALOG_COMPILER_GLOBAL_ACCENT_COLOR_NAME = AccentColor;
				CODE_SIGN_STYLE = Automatic;
				INFOPLIST_FILE = Prework/Info.plist;
				LD_RUNPATH_SEARCH_PATHS = (
					"$(inherited)",
					"@executable_path/Frameworks",
				);
				PRODUCT_BUNDLE_IDENTIFIER = memo.com.Prework;
				PRODUCT_NAME = "$(TARGET_NAME)";
				SWIFT_VERSION = 5.0;
				TARGETED_DEVICE_FAMILY = "1,2";
			};
			name = Release;
		};
		35AB52B025BA3F60008E412D /* Debug */ = {
			isa = XCBuildConfiguration;
			buildSettings = {
				ALWAYS_EMBED_SWIFT_STANDARD_LIBRARIES = YES;
				BUNDLE_LOADER = "$(TEST_HOST)";
				CODE_SIGN_STYLE = Automatic;
				INFOPLIST_FILE = PreworkTests/Info.plist;
				IPHONEOS_DEPLOYMENT_TARGET = 14.3;
				LD_RUNPATH_SEARCH_PATHS = (
					"$(inherited)",
					"@executable_path/Frameworks",
					"@loader_path/Frameworks",
				);
				PRODUCT_BUNDLE_IDENTIFIER = memo.com.PreworkTests;
				PRODUCT_NAME = "$(TARGET_NAME)";
				SWIFT_VERSION = 5.0;
				TARGETED_DEVICE_FAMILY = "1,2";
				TEST_HOST = "$(BUILT_PRODUCTS_DIR)/Prework.app/Prework";
			};
			name = Debug;
		};
		35AB52B125BA3F60008E412D /* Release */ = {
			isa = XCBuildConfiguration;
			buildSettings = {
				ALWAYS_EMBED_SWIFT_STANDARD_LIBRARIES = YES;
				BUNDLE_LOADER = "$(TEST_HOST)";
				CODE_SIGN_STYLE = Automatic;
				INFOPLIST_FILE = PreworkTests/Info.plist;
				IPHONEOS_DEPLOYMENT_TARGET = 14.3;
				LD_RUNPATH_SEARCH_PATHS = (
					"$(inherited)",
					"@executable_path/Frameworks",
					"@loader_path/Frameworks",
				);
				PRODUCT_BUNDLE_IDENTIFIER = memo.com.PreworkTests;
				PRODUCT_NAME = "$(TARGET_NAME)";
				SWIFT_VERSION = 5.0;
				TARGETED_DEVICE_FAMILY = "1,2";
				TEST_HOST = "$(BUILT_PRODUCTS_DIR)/Prework.app/Prework";
			};
			name = Release;
		};
		35AB52B325BA3F60008E412D /* Debug */ = {
			isa = XCBuildConfiguration;
			buildSettings = {
				ALWAYS_EMBED_SWIFT_STANDARD_LIBRARIES = YES;
				CODE_SIGN_STYLE = Automatic;
				INFOPLIST_FILE = PreworkUITests/Info.plist;
				LD_RUNPATH_SEARCH_PATHS = (
					"$(inherited)",
					"@executable_path/Frameworks",
					"@loader_path/Frameworks",
				);
				PRODUCT_BUNDLE_IDENTIFIER = memo.com.PreworkUITests;
				PRODUCT_NAME = "$(TARGET_NAME)";
				SWIFT_VERSION = 5.0;
				TARGETED_DEVICE_FAMILY = "1,2";
				TEST_TARGET_NAME = Prework;
			};
			name = Debug;
		};
		35AB52B425BA3F60008E412D /* Release */ = {
			isa = XCBuildConfiguration;
			buildSettings = {
				ALWAYS_EMBED_SWIFT_STANDARD_LIBRARIES = YES;
				CODE_SIGN_STYLE = Automatic;
				INFOPLIST_FILE = PreworkUITests/Info.plist;
				LD_RUNPATH_SEARCH_PATHS = (
					"$(inherited)",
					"@executable_path/Frameworks",
					"@loader_path/Frameworks",
				);
				PRODUCT_BUNDLE_IDENTIFIER = memo.com.PreworkUITests;
				PRODUCT_NAME = "$(TARGET_NAME)";
				SWIFT_VERSION = 5.0;
				TARGETED_DEVICE_FAMILY = "1,2";
				TEST_TARGET_NAME = Prework;
			};
			name = Release;
		};
/* End XCBuildConfiguration section */

/* Begin XCConfigurationList section */
		35AB527D25BA3F5E008E412D /* Build configuration list for PBXProject "Prework" */ = {
			isa = XCConfigurationList;
			buildConfigurations = (
				35AB52AA25BA3F60008E412D /* Debug */,
				35AB52AB25BA3F60008E412D /* Release */,
			);
			defaultConfigurationIsVisible = 0;
			defaultConfigurationName = Release;
		};
		35AB52AC25BA3F60008E412D /* Build configuration list for PBXNativeTarget "Prework" */ = {
			isa = XCConfigurationList;
			buildConfigurations = (
				35AB52AD25BA3F60008E412D /* Debug */,
				35AB52AE25BA3F60008E412D /* Release */,
			);
			defaultConfigurationIsVisible = 0;
			defaultConfigurationName = Release;
		};
		35AB52AF25BA3F60008E412D /* Build configuration list for PBXNativeTarget "PreworkTests" */ = {
			isa = XCConfigurationList;
			buildConfigurations = (
				35AB52B025BA3F60008E412D /* Debug */,
				35AB52B125BA3F60008E412D /* Release */,
			);
			defaultConfigurationIsVisible = 0;
			defaultConfigurationName = Release;
		};
		35AB52B225BA3F60008E412D /* Build configuration list for PBXNativeTarget "PreworkUITests" */ = {
			isa = XCConfigurationList;
			buildConfigurations = (
				35AB52B325BA3F60008E412D /* Debug */,
				35AB52B425BA3F60008E412D /* Release */,
			);
			defaultConfigurationIsVisible = 0;
			defaultConfigurationName = Release;
		};
/* End XCConfigurationList section */
	};
	rootObject = 35AB527A25BA3F5E008E412D /* Project object */;
}
